
Microsoft Visual Studio Solution File, Format Version 12.00
# Visual Studio Version 16
VisualStudioVersion = 16.0.31605.320
MinimumVisualStudioVersion = 10.0.40219.1
Project("{9A19103F-16F7-4668-BE54-9A1E7A4F7556}") = "KoreaBusInfo", "KoreaBusInfo\KoreaBusInfo.csproj", "{7B3A6D3D-6D39-4B72-B499-6AE9774B8666}"
EndProject
Project("{9A19103F-16F7-4668-BE54-9A1E7A4F7556}") = "Sample", "Sample\Sample.csproj", "{7CFD33E6-D8C6-4C72-8937-980CAAF83BEB}"
EndProject
Global
	GlobalSection(SolutionConfigurationPlatforms) = preSolution
		Debug|Any CPU = Debug|Any CPU
		Release|Any CPU = Release|Any CPU
	EndGlobalSection
	GlobalSection(ProjectConfigurationPlatforms) = postSolution
		{7B3A6D3D-6D39-4B72-B499-6AE9774B8666}.Debug|Any CPU.ActiveCfg = Debug|Any CPU
		{7B3A6D3D-6D39-4B72-B499-6AE9774B8666}.Debug|Any CPU.Build.0 = Debug|Any CPU
		{7B3A6D3D-6D39-4B72-B499-6AE9774B8666}.Release|Any CPU.ActiveCfg = Release|Any CPU
		{7B3A6D3D-6D39-4B72-B499-6AE9774B8666}.Release|Any CPU.Build.0 = Release|Any CPU
		{7CFD33E6-D8C6-4C72-8937-980CAAF83BEB}.Debug|Any CPU.ActiveCfg = Debug|Any CPU
		{7CFD33E6-D8C6-4C72-8937-980CAAF83BEB}.Debug|Any CPU.Build.0 = Debug|Any CPU
		{7CFD33E6-D8C6-4C72-8937-980CAAF83BEB}.Release|Any CPU.ActiveCfg = Release|Any CPU
		{7CFD33E6-D8C6-4C72-8937-980CAAF83BEB}.Release|Any CPU.Build.0 = Release|Any CPU
	EndGlobalSection
	GlobalSection(SolutionProperties) = preSolution
		HideSolutionNode = FALSE
	EndGlobalSection
	GlobalSection(ExtensibilityGlobals) = postSolution
		SolutionGuid = {7857CC8A-2DD3-470A-9622-000BDB938453}
	EndGlobalSection
EndGlobal
